
Microsoft Visual Studio Solution File, Format Version 12.00
# Visual Studio Version 16
VisualStudioVersion = 16.0.29009.5
MinimumVisualStudioVersion = 10.0.40219.1
Project("{FAE04EC0-301F-11D3-BF4B-00C04F79EFBC}") = "music-player", "music-player\music-player.csproj", "{2FF5E981-87B3-4B41-9638-1E8B93A1B0C1}"
EndProject
Global
	GlobalSection(SolutionConfigurationPlatforms) = preSolution
		Debug|Any CPU = Debug|Any CPU
		Release|Any CPU = Release|Any CPU
	EndGlobalSection
	GlobalSection(ProjectConfigurationPlatforms) = postSolution
		{2FF5E981-87B3-4B41-9638-1E8B93A1B0C1}.Debug|Any CPU.ActiveCfg = Debug|Any CPU
		{2FF5E981-87B3-4B41-9638-1E8B93A1B0C1}.Debug|Any CPU.Build.0 = Debug|Any CPU
		{2FF5E981-87B3-4B41-9638-1E8B93A1B0C1}.Release|Any CPU.ActiveCfg = Release|Any CPU
		{2FF5E981-87B3-4B41-9638-1E8B93A1B0C1}.Release|Any CPU.Build.0 = Release|Any CPU
	EndGlobalSection
	GlobalSection(SolutionProperties) = preSolution
		HideSolutionNode = FALSE
	EndGlobalSection
	GlobalSection(ExtensibilityGlobals) = postSolution
		SolutionGuid = {AD70FE8A-DFFE-4D83-B6C3-764EB3FD7FA2}
	EndGlobalSection
EndGlobal
